// !$*UTF8*$!
{
	archiveVersion = 1;
	classes = {
	};
	objectVersion = 51;
	objects = {

/* Begin PBXBuildFile section */
		00638AAA1E464CCD3D1316AB /* Pods_IG_Direct.framework in Frameworks */ = {isa = PBXBuildFile; fileRef = 442189C0EA73664B6F832148 /* Pods_IG_Direct.framework */; };
		7E093A8A2258F15500ED2830 /* User.swift in Sources */ = {isa = PBXBuildFile; fileRef = 7E093A892258F15500ED2830 /* User.swift */; };
		7E093A8C2258F17E00ED2830 /* UserRepository.swift in Sources */ = {isa = PBXBuildFile; fileRef = 7E093A8B2258F17E00ED2830 /* UserRepository.swift */; };
		7E093A8F2258F4CC00ED2830 /* BaseViewModel.swift in Sources */ = {isa = PBXBuildFile; fileRef = 7E093A8E2258F4CC00ED2830 /* BaseViewModel.swift */; };
		7E093A912258F58400ED2830 /* LoginViewModel.swift in Sources */ = {isa = PBXBuildFile; fileRef = 7E093A902258F58400ED2830 /* LoginViewModel.swift */; };
		7E093A932258F65300ED2830 /* Credentials.swift in Sources */ = {isa = PBXBuildFile; fileRef = 7E093A922258F65300ED2830 /* Credentials.swift */; };
		7E19DD7F226A06080016E452 /* ChatListviewController.swift in Sources */ = {isa = PBXBuildFile; fileRef = 7E19DD7E226A06080016E452 /* ChatListviewController.swift */; };
		7E19DD81226A063C0016E452 /* ChatListViewModel.swift in Sources */ = {isa = PBXBuildFile; fileRef = 7E19DD80226A063C0016E452 /* ChatListViewModel.swift */; };
		7E19DD83226A06650016E452 /* ChatRepository.swift in Sources */ = {isa = PBXBuildFile; fileRef = 7E19DD82226A06650016E452 /* ChatRepository.swift */; };
		7E19DD85226A06F20016E452 /* Chat.swift in Sources */ = {isa = PBXBuildFile; fileRef = 7E19DD84226A06F20016E452 /* Chat.swift */; };
		7E19DD89226A10DC0016E452 /* ChatItemViewModel.swift in Sources */ = {isa = PBXBuildFile; fileRef = 7E19DD88226A10DC0016E452 /* ChatItemViewModel.swift */; };
		7E19DD8B226A18490016E452 /* ChatItemCellView.swift in Sources */ = {isa = PBXBuildFile; fileRef = 7E19DD8A226A18490016E452 /* ChatItemCellView.swift */; };
		7E19DD8D226A1D9E0016E452 /* ChatListAdapter.swift in Sources */ = {isa = PBXBuildFile; fileRef = 7E19DD8C226A1D9E0016E452 /* ChatListAdapter.swift */; };
		7E23BDC4225A397700A3DE07 /* IGApiClient.swift in Sources */ = {isa = PBXBuildFile; fileRef = 7E23BDC3225A397700A3DE07 /* IGApiClient.swift */; };
		7E3913A62262CAF1003B68A0 /* NodeError.swift in Sources */ = {isa = PBXBuildFile; fileRef = 7E3913A52262CAF1003B68A0 /* NodeError.swift */; };
		7E3913A92262E90A003B68A0 /* ThreadScheduler.swift in Sources */ = {isa = PBXBuildFile; fileRef = 7E3913A82262E90A003B68A0 /* ThreadScheduler.swift */; };
		7E5CBA28226AD152004DB229 /* Result+Extension.swift in Sources */ = {isa = PBXBuildFile; fileRef = 7E5CBA27226AD152004DB229 /* Result+Extension.swift */; };
		7E823E492269625800843A26 /* NSViewController+Rx.swift in Sources */ = {isa = PBXBuildFile; fileRef = 7E823E482269625800843A26 /* NSViewController+Rx.swift */; };
		7E823E4B226962EA00843A26 /* ChatViewController.swift in Sources */ = {isa = PBXBuildFile; fileRef = 7E823E4A226962EA00843A26 /* ChatViewController.swift */; };
		7E874EDB2258E24700B0A234 /* AppDelegate.swift in Sources */ = {isa = PBXBuildFile; fileRef = 7E874EDA2258E24700B0A234 /* AppDelegate.swift */; };
		7E874EDF2258E24800B0A234 /* Assets.xcassets in Resources */ = {isa = PBXBuildFile; fileRef = 7E874EDE2258E24800B0A234 /* Assets.xcassets */; };
		7E874EE22258E24800B0A234 /* Main.storyboard in Resources */ = {isa = PBXBuildFile; fileRef = 7E874EE02258E24800B0A234 /* Main.storyboard */; };
		7E874EEE2258E24800B0A234 /* IG_DirectTests.swift in Sources */ = {isa = PBXBuildFile; fileRef = 7E874EED2258E24800B0A234 /* IG_DirectTests.swift */; };
		7EBBF4C022617317003EB627 /* NodeCore.swift in Sources */ = {isa = PBXBuildFile; fileRef = 7EBBF4BF22617317003EB627 /* NodeCore.swift */; };
		7EBBF4C22261750A003EB627 /* AppLogic.swift in Sources */ = {isa = PBXBuildFile; fileRef = 7EBBF4C12261750A003EB627 /* AppLogic.swift */; };
		7EBBF4C422617557003EB627 /* NodeAppLogic.swift in Sources */ = {isa = PBXBuildFile; fileRef = 7EBBF4C322617557003EB627 /* NodeAppLogic.swift */; };
		7EBBF4C822617C31003EB627 /* node in Resources */ = {isa = PBXBuildFile; fileRef = 7EBBF4C722617C31003EB627 /* node */; };
		7EC922F4226622F9007E5008 /* UserSecretManager.swift in Sources */ = {isa = PBXBuildFile; fileRef = 7EC922F3226622F9007E5008 /* UserSecretManager.swift */; };
		7EC922F8226627D1007E5008 /* LoginResponse.swift in Sources */ = {isa = PBXBuildFile; fileRef = 7EC922F7226627D1007E5008 /* LoginResponse.swift */; };
		7ED03CA82258E6F800C05565 /* LoginViewController.swift in Sources */ = {isa = PBXBuildFile; fileRef = 7ED03CA72258E6F800C05565 /* LoginViewController.swift */; };
		7EE983382260DC0500063B59 /* app.bundle.js in Resources */ = {isa = PBXBuildFile; fileRef = 7EE983372260DC0400063B59 /* app.bundle.js */; };
		7EE9833B2260DC6300063B59 /* NodeTask.swift in Sources */ = {isa = PBXBuildFile; fileRef = 7EE9833A2260DC6300063B59 /* NodeTask.swift */; };
		973B70CC45F44A5C7D7C9986 /* Pods_IG_DirectTests.framework in Frameworks */ = {isa = PBXBuildFile; fileRef = 00542445F9158F840E21596D /* Pods_IG_DirectTests.framework */; };
/* End PBXBuildFile section */

/* Begin PBXContainerItemProxy section */
		7E874EEA2258E24800B0A234 /* PBXContainerItemProxy */ = {
			isa = PBXContainerItemProxy;
			containerPortal = 7E874ECF2258E24700B0A234 /* Project object */;
			proxyType = 1;
			remoteGlobalIDString = 7E874ED62258E24700B0A234;
			remoteInfo = "IG Direct";
		};
/* End PBXContainerItemProxy section */

/* Begin PBXFileReference section */
		00542445F9158F840E21596D /* Pods_IG_DirectTests.framework */ = {isa = PBXFileReference; explicitFileType = wrapper.framework; includeInIndex = 0; path = Pods_IG_DirectTests.framework; sourceTree = BUILT_PRODUCTS_DIR; };
		442189C0EA73664B6F832148 /* Pods_IG_Direct.framework */ = {isa = PBXFileReference; explicitFileType = wrapper.framework; includeInIndex = 0; path = Pods_IG_Direct.framework; sourceTree = BUILT_PRODUCTS_DIR; };
		52AD109B0106918FCC1F0096 /* Pods-IG Direct.release.xcconfig */ = {isa = PBXFileReference; includeInIndex = 1; lastKnownFileType = text.xcconfig; name = "Pods-IG Direct.release.xcconfig"; path = "Pods/Target Support Files/Pods-IG Direct/Pods-IG Direct.release.xcconfig"; sourceTree = "<group>"; };
		7E093A892258F15500ED2830 /* User.swift */ = {isa = PBXFileReference; lastKnownFileType = sourcecode.swift; path = User.swift; sourceTree = "<group>"; };
		7E093A8B2258F17E00ED2830 /* UserRepository.swift */ = {isa = PBXFileReference; lastKnownFileType = sourcecode.swift; path = UserRepository.swift; sourceTree = "<group>"; };
		7E093A8E2258F4CC00ED2830 /* BaseViewModel.swift */ = {isa = PBXFileReference; lastKnownFileType = sourcecode.swift; path = BaseViewModel.swift; sourceTree = "<group>"; };
		7E093A902258F58400ED2830 /* LoginViewModel.swift */ = {isa = PBXFileReference; lastKnownFileType = sourcecode.swift; path = LoginViewModel.swift; sourceTree = "<group>"; };
		7E093A922258F65300ED2830 /* Credentials.swift */ = {isa = PBXFileReference; lastKnownFileType = sourcecode.swift; path = Credentials.swift; sourceTree = "<group>"; };
		7E19DD7E226A06080016E452 /* ChatListviewController.swift */ = {isa = PBXFileReference; lastKnownFileType = sourcecode.swift; path = ChatListviewController.swift; sourceTree = "<group>"; };
		7E19DD80226A063C0016E452 /* ChatListViewModel.swift */ = {isa = PBXFileReference; lastKnownFileType = sourcecode.swift; path = ChatListViewModel.swift; sourceTree = "<group>"; };
		7E19DD82226A06650016E452 /* ChatRepository.swift */ = {isa = PBXFileReference; lastKnownFileType = sourcecode.swift; path = ChatRepository.swift; sourceTree = "<group>"; };
		7E19DD84226A06F20016E452 /* Chat.swift */ = {isa = PBXFileReference; lastKnownFileType = sourcecode.swift; path = Chat.swift; sourceTree = "<group>"; };
		7E19DD88226A10DC0016E452 /* ChatItemViewModel.swift */ = {isa = PBXFileReference; lastKnownFileType = sourcecode.swift; path = ChatItemViewModel.swift; sourceTree = "<group>"; };
		7E19DD8A226A18490016E452 /* ChatItemCellView.swift */ = {isa = PBXFileReference; lastKnownFileType = sourcecode.swift; path = ChatItemCellView.swift; sourceTree = "<group>"; };
		7E19DD8C226A1D9E0016E452 /* ChatListAdapter.swift */ = {isa = PBXFileReference; lastKnownFileType = sourcecode.swift; path = ChatListAdapter.swift; sourceTree = "<group>"; };
		7E23BDC3225A397700A3DE07 /* IGApiClient.swift */ = {isa = PBXFileReference; lastKnownFileType = sourcecode.swift; path = IGApiClient.swift; sourceTree = "<group>"; };
		7E3913A52262CAF1003B68A0 /* NodeError.swift */ = {isa = PBXFileReference; lastKnownFileType = sourcecode.swift; path = NodeError.swift; sourceTree = "<group>"; };
		7E3913A82262E90A003B68A0 /* ThreadScheduler.swift */ = {isa = PBXFileReference; lastKnownFileType = sourcecode.swift; path = ThreadScheduler.swift; sourceTree = "<group>"; };
		7E5CBA27226AD152004DB229 /* Result+Extension.swift */ = {isa = PBXFileReference; lastKnownFileType = sourcecode.swift; path = "Result+Extension.swift"; sourceTree = "<group>"; };
		7E823E482269625800843A26 /* NSViewController+Rx.swift */ = {isa = PBXFileReference; lastKnownFileType = sourcecode.swift; path = "NSViewController+Rx.swift"; sourceTree = "<group>"; };
		7E823E4A226962EA00843A26 /* ChatViewController.swift */ = {isa = PBXFileReference; lastKnownFileType = sourcecode.swift; path = ChatViewController.swift; sourceTree = "<group>"; };
		7E874ED72258E24700B0A234 /* IG Direct.app */ = {isa = PBXFileReference; explicitFileType = wrapper.application; includeInIndex = 0; path = "IG Direct.app"; sourceTree = BUILT_PRODUCTS_DIR; };
		7E874EDA2258E24700B0A234 /* AppDelegate.swift */ = {isa = PBXFileReference; lastKnownFileType = sourcecode.swift; path = AppDelegate.swift; sourceTree = "<group>"; };
		7E874EDE2258E24800B0A234 /* Assets.xcassets */ = {isa = PBXFileReference; lastKnownFileType = folder.assetcatalog; path = Assets.xcassets; sourceTree = "<group>"; };
		7E874EE12258E24800B0A234 /* Base */ = {isa = PBXFileReference; lastKnownFileType = file.storyboard; name = Base; path = Base.lproj/Main.storyboard; sourceTree = "<group>"; };
		7E874EE32258E24800B0A234 /* Info.plist */ = {isa = PBXFileReference; lastKnownFileType = text.plist.xml; path = Info.plist; sourceTree = "<group>"; };
		7E874EE42258E24800B0A234 /* IG_Direct.entitlements */ = {isa = PBXFileReference; lastKnownFileType = text.plist.entitlements; path = IG_Direct.entitlements; sourceTree = "<group>"; };
		7E874EE92258E24800B0A234 /* IG DirectTests.xctest */ = {isa = PBXFileReference; explicitFileType = wrapper.cfbundle; includeInIndex = 0; path = "IG DirectTests.xctest"; sourceTree = BUILT_PRODUCTS_DIR; };
		7E874EED2258E24800B0A234 /* IG_DirectTests.swift */ = {isa = PBXFileReference; lastKnownFileType = sourcecode.swift; path = IG_DirectTests.swift; sourceTree = "<group>"; };
		7E874EEF2258E24800B0A234 /* Info.plist */ = {isa = PBXFileReference; lastKnownFileType = text.plist.xml; path = Info.plist; sourceTree = "<group>"; };
		7EBBF4BF22617317003EB627 /* NodeCore.swift */ = {isa = PBXFileReference; lastKnownFileType = sourcecode.swift; path = NodeCore.swift; sourceTree = "<group>"; };
		7EBBF4C12261750A003EB627 /* AppLogic.swift */ = {isa = PBXFileReference; lastKnownFileType = sourcecode.swift; path = AppLogic.swift; sourceTree = "<group>"; };
		7EBBF4C322617557003EB627 /* NodeAppLogic.swift */ = {isa = PBXFileReference; lastKnownFileType = sourcecode.swift; path = NodeAppLogic.swift; sourceTree = "<group>"; };
		7EBBF4C722617C31003EB627 /* node */ = {isa = PBXFileReference; lastKnownFileType = "compiled.mach-o.executable"; name = node; path = "IG Direct/Server/node"; sourceTree = SOURCE_ROOT; };
		7EC922F3226622F9007E5008 /* UserSecretManager.swift */ = {isa = PBXFileReference; lastKnownFileType = sourcecode.swift; path = UserSecretManager.swift; sourceTree = "<group>"; };
		7EC922F7226627D1007E5008 /* LoginResponse.swift */ = {isa = PBXFileReference; lastKnownFileType = sourcecode.swift; path = LoginResponse.swift; sourceTree = "<group>"; };
		7ED03CA72258E6F800C05565 /* LoginViewController.swift */ = {isa = PBXFileReference; lastKnownFileType = sourcecode.swift; path = LoginViewController.swift; sourceTree = "<group>"; };
		7EE983372260DC0400063B59 /* app.bundle.js */ = {isa = PBXFileReference; fileEncoding = 4; lastKnownFileType = sourcecode.javascript; path = app.bundle.js; sourceTree = "<group>"; };
		7EE9833A2260DC6300063B59 /* NodeTask.swift */ = {isa = PBXFileReference; lastKnownFileType = sourcecode.swift; path = NodeTask.swift; sourceTree = "<group>"; };
		8A42A238852A6DECE4927E72 /* Pods-IG DirectTests.release.xcconfig */ = {isa = PBXFileReference; includeInIndex = 1; lastKnownFileType = text.xcconfig; name = "Pods-IG DirectTests.release.xcconfig"; path = "Pods/Target Support Files/Pods-IG DirectTests/Pods-IG DirectTests.release.xcconfig"; sourceTree = "<group>"; };
		E66CD8FE13DB03E464E2A59C /* Pods-IG DirectTests.debug.xcconfig */ = {isa = PBXFileReference; includeInIndex = 1; lastKnownFileType = text.xcconfig; name = "Pods-IG DirectTests.debug.xcconfig"; path = "Pods/Target Support Files/Pods-IG DirectTests/Pods-IG DirectTests.debug.xcconfig"; sourceTree = "<group>"; };
		FE8095CDA689A9600F897348 /* Pods-IG Direct.debug.xcconfig */ = {isa = PBXFileReference; includeInIndex = 1; lastKnownFileType = text.xcconfig; name = "Pods-IG Direct.debug.xcconfig"; path = "Pods/Target Support Files/Pods-IG Direct/Pods-IG Direct.debug.xcconfig"; sourceTree = "<group>"; };
/* End PBXFileReference section */

/* Begin PBXFrameworksBuildPhase section */
		7E874ED42258E24700B0A234 /* Frameworks */ = {
			isa = PBXFrameworksBuildPhase;
			buildActionMask = 2147483647;
			files = (
				00638AAA1E464CCD3D1316AB /* Pods_IG_Direct.framework in Frameworks */,
			);
			runOnlyForDeploymentPostprocessing = 0;
		};
		7E874EE62258E24800B0A234 /* Frameworks */ = {
			isa = PBXFrameworksBuildPhase;
			buildActionMask = 2147483647;
			files = (
				973B70CC45F44A5C7D7C9986 /* Pods_IG_DirectTests.framework in Frameworks */,
			);
			runOnlyForDeploymentPostprocessing = 0;
		};
/* End PBXFrameworksBuildPhase section */

/* Begin PBXGroup section */
		2DBE6F4EF6896A6BC49362F1 /* Frameworks */ = {
			isa = PBXGroup;
			children = (
				442189C0EA73664B6F832148 /* Pods_IG_Direct.framework */,
				00542445F9158F840E21596D /* Pods_IG_DirectTests.framework */,
			);
			name = Frameworks;
			sourceTree = "<group>";
		};
		7E093A862258F13200ED2830 /* Model */ = {
			isa = PBXGroup;
			children = (
				7E093A892258F15500ED2830 /* User.swift */,
				7E093A922258F65300ED2830 /* Credentials.swift */,
				7E19DD84226A06F20016E452 /* Chat.swift */,
			);
			path = Model;
			sourceTree = "<group>";
		};
		7E093A872258F13700ED2830 /* Repository */ = {
			isa = PBXGroup;
			children = (
				7E093A8B2258F17E00ED2830 /* UserRepository.swift */,
				7EC922F3226622F9007E5008 /* UserSecretManager.swift */,
				7E19DD82226A06650016E452 /* ChatRepository.swift */,
			);
			path = Repository;
			sourceTree = "<group>";
		};
		7E093A882258F14300ED2830 /* Network */ = {
			isa = PBXGroup;
			children = (
				7EC922F6226627C2007E5008 /* Response */,
				7EC922F5226627BB007E5008 /* Request */,
				7E23BDC3225A397700A3DE07 /* IGApiClient.swift */,
			);
			path = Network;
			sourceTree = "<group>";
		};
		7E093A8D2258F4B600ED2830 /* Base */ = {
			isa = PBXGroup;
			children = (
				7EBBF4C12261750A003EB627 /* AppLogic.swift */,
				7E093A8E2258F4CC00ED2830 /* BaseViewModel.swift */,
			);
			path = Base;
			sourceTree = "<group>";
		};
		7E19DD7D226A05CA0016E452 /* List */ = {
			isa = PBXGroup;
			children = (
				7E19DD7E226A06080016E452 /* ChatListviewController.swift */,
				7E19DD80226A063C0016E452 /* ChatListViewModel.swift */,
				7E19DD88226A10DC0016E452 /* ChatItemViewModel.swift */,
				7E19DD8A226A18490016E452 /* ChatItemCellView.swift */,
				7E19DD8C226A1D9E0016E452 /* ChatListAdapter.swift */,
			);
			path = List;
			sourceTree = "<group>";
		};
		7E3913A72262E8F7003B68A0 /* Rx */ = {
			isa = PBXGroup;
			children = (
				7E3913A82262E90A003B68A0 /* ThreadScheduler.swift */,
				7E823E482269625800843A26 /* NSViewController+Rx.swift */,
			);
			path = Rx;
			sourceTree = "<group>";
		};
		7E4F801E2268B95200AFE94F /* Chat */ = {
			isa = PBXGroup;
			children = (
				7E19DD7D226A05CA0016E452 /* List */,
				7E823E4A226962EA00843A26 /* ChatViewController.swift */,
			);
			path = Chat;
			sourceTree = "<group>";
		};
		7E5CBA26226AD13F004DB229 /* Utils */ = {
			isa = PBXGroup;
			children = (
				7E5CBA27226AD152004DB229 /* Result+Extension.swift */,
			);
			path = Utils;
			sourceTree = "<group>";
		};
		7E874ECE2258E24700B0A234 = {
			isa = PBXGroup;
			children = (
				7E874ED92258E24700B0A234 /* IG Direct */,
				7E874EEC2258E24800B0A234 /* IG DirectTests */,
				7E874ED82258E24700B0A234 /* Products */,
				9A36865925EB85C1F247EA2E /* Pods */,
				2DBE6F4EF6896A6BC49362F1 /* Frameworks */,
			);
			sourceTree = "<group>";
		};
		7E874ED82258E24700B0A234 /* Products */ = {
			isa = PBXGroup;
			children = (
				7E874ED72258E24700B0A234 /* IG Direct.app */,
				7E874EE92258E24800B0A234 /* IG DirectTests.xctest */,
			);
			name = Products;
			sourceTree = "<group>";
		};
		7E874ED92258E24700B0A234 /* IG Direct */ = {
			isa = PBXGroup;
			children = (
				7E5CBA26226AD13F004DB229 /* Utils */,
				7E3913A72262E8F7003B68A0 /* Rx */,
				7EE983392260DC4B00063B59 /* Core */,
				7EE983362260D7A300063B59 /* Server */,
				7E093A8D2258F4B600ED2830 /* Base */,
				7E093A882258F14300ED2830 /* Network */,
				7E093A872258F13700ED2830 /* Repository */,
				7E093A862258F13200ED2830 /* Model */,
				7ED03CA92258E76400C05565 /* Feature */,
				7E874EDA2258E24700B0A234 /* AppDelegate.swift */,
				7E874EDE2258E24800B0A234 /* Assets.xcassets */,
				7E874EE02258E24800B0A234 /* Main.storyboard */,
				7E874EE32258E24800B0A234 /* Info.plist */,
				7E874EE42258E24800B0A234 /* IG_Direct.entitlements */,
			);
			path = "IG Direct";
			sourceTree = "<group>";
		};
		7E874EEC2258E24800B0A234 /* IG DirectTests */ = {
			isa = PBXGroup;
			children = (
				7E874EED2258E24800B0A234 /* IG_DirectTests.swift */,
				7E874EEF2258E24800B0A234 /* Info.plist */,
			);
			path = "IG DirectTests";
			sourceTree = "<group>";
		};
		7EC922F5226627BB007E5008 /* Request */ = {
			isa = PBXGroup;
			children = (
			);
			path = Request;
			sourceTree = "<group>";
		};
		7EC922F6226627C2007E5008 /* Response */ = {
			isa = PBXGroup;
			children = (
				7EC922F7226627D1007E5008 /* LoginResponse.swift */,
			);
			path = Response;
			sourceTree = "<group>";
		};
		7ED03CA92258E76400C05565 /* Feature */ = {
			isa = PBXGroup;
			children = (
				7E4F801E2268B95200AFE94F /* Chat */,
				7ED03CAA2258E76D00C05565 /* Login */,
			);
			path = Feature;
			sourceTree = "<group>";
		};
		7ED03CAA2258E76D00C05565 /* Login */ = {
			isa = PBXGroup;
			children = (
				7ED03CA72258E6F800C05565 /* LoginViewController.swift */,
				7E093A902258F58400ED2830 /* LoginViewModel.swift */,
			);
			path = Login;
			sourceTree = "<group>";
		};
		7EE983362260D7A300063B59 /* Server */ = {
			isa = PBXGroup;
			children = (
				7EBBF4C722617C31003EB627 /* node */,
				7EE983372260DC0400063B59 /* app.bundle.js */,
			);
			path = Server;
			sourceTree = "<group>";
		};
		7EE983392260DC4B00063B59 /* Core */ = {
			isa = PBXGroup;
			children = (
				7EE9833A2260DC6300063B59 /* NodeTask.swift */,
				7EBBF4BF22617317003EB627 /* NodeCore.swift */,
				7EBBF4C322617557003EB627 /* NodeAppLogic.swift */,
				7E3913A52262CAF1003B68A0 /* NodeError.swift */,
			);
			path = Core;
			sourceTree = "<group>";
		};
		9A36865925EB85C1F247EA2E /* Pods */ = {
			isa = PBXGroup;
			children = (
				FE8095CDA689A9600F897348 /* Pods-IG Direct.debug.xcconfig */,
				52AD109B0106918FCC1F0096 /* Pods-IG Direct.release.xcconfig */,
				E66CD8FE13DB03E464E2A59C /* Pods-IG DirectTests.debug.xcconfig */,
				8A42A238852A6DECE4927E72 /* Pods-IG DirectTests.release.xcconfig */,
			);
			name = Pods;
			sourceTree = "<group>";
		};
/* End PBXGroup section */

/* Begin PBXNativeTarget section */
		7E874ED62258E24700B0A234 /* IG Direct */ = {
			isa = PBXNativeTarget;
			buildConfigurationList = 7E874EF22258E24800B0A234 /* Build configuration list for PBXNativeTarget "IG Direct" */;
			buildPhases = (
				C9230AB795EC07BBCF842DB9 /* [CP] Check Pods Manifest.lock */,
				7E874ED32258E24700B0A234 /* Sources */,
				7E874ED42258E24700B0A234 /* Frameworks */,
				7E874ED52258E24700B0A234 /* Resources */,
				CA4A65AE793BAD88FCDD2729 /* [CP] Embed Pods Frameworks */,
			);
			buildRules = (
			);
			dependencies = (
			);
			name = "IG Direct";
			productName = "IG Direct";
			productReference = 7E874ED72258E24700B0A234 /* IG Direct.app */;
			productType = "com.apple.product-type.application";
		};
		7E874EE82258E24800B0A234 /* IG DirectTests */ = {
			isa = PBXNativeTarget;
			buildConfigurationList = 7E874EF52258E24800B0A234 /* Build configuration list for PBXNativeTarget "IG DirectTests" */;
			buildPhases = (
				2D776C66C37565E3D3495BC2 /* [CP] Check Pods Manifest.lock */,
				7E874EE52258E24800B0A234 /* Sources */,
				7E874EE62258E24800B0A234 /* Frameworks */,
				7E874EE72258E24800B0A234 /* Resources */,
			);
			buildRules = (
			);
			dependencies = (
				7E874EEB2258E24800B0A234 /* PBXTargetDependency */,
			);
			name = "IG DirectTests";
			productName = "IG DirectTests";
			productReference = 7E874EE92258E24800B0A234 /* IG DirectTests.xctest */;
			productType = "com.apple.product-type.bundle.unit-test";
		};
/* End PBXNativeTarget section */

/* Begin PBXProject section */
		7E874ECF2258E24700B0A234 /* Project object */ = {
			isa = PBXProject;
			attributes = {
				LastSwiftUpdateCheck = 1020;
				LastUpgradeCheck = 1020;
				ORGANIZATIONNAME = Ctech;
				TargetAttributes = {
					7E874ED62258E24700B0A234 = {
						CreatedOnToolsVersion = 10.2;
					};
					7E874EE82258E24800B0A234 = {
						CreatedOnToolsVersion = 10.2;
						TestTargetID = 7E874ED62258E24700B0A234;
					};
				};
			};
			buildConfigurationList = 7E874ED22258E24700B0A234 /* Build configuration list for PBXProject "IG Direct" */;
			compatibilityVersion = "Xcode 9.3";
			developmentRegion = en;
			hasScannedForEncodings = 0;
			knownRegions = (
				en,
				Base,
			);
			mainGroup = 7E874ECE2258E24700B0A234;
			productRefGroup = 7E874ED82258E24700B0A234 /* Products */;
			projectDirPath = "";
			projectRoot = "";
			targets = (
				7E874ED62258E24700B0A234 /* IG Direct */,
				7E874EE82258E24800B0A234 /* IG DirectTests */,
			);
		};
/* End PBXProject section */

/* Begin PBXResourcesBuildPhase section */
		7E874ED52258E24700B0A234 /* Resources */ = {
			isa = PBXResourcesBuildPhase;
			buildActionMask = 2147483647;
			files = (
				7EBBF4C822617C31003EB627 /* node in Resources */,
				7E874EDF2258E24800B0A234 /* Assets.xcassets in Resources */,
				7E874EE22258E24800B0A234 /* Main.storyboard in Resources */,
				7EE983382260DC0500063B59 /* app.bundle.js in Resources */,
			);
			runOnlyForDeploymentPostprocessing = 0;
		};
		7E874EE72258E24800B0A234 /* Resources */ = {
			isa = PBXResourcesBuildPhase;
			buildActionMask = 2147483647;
			files = (
			);
			runOnlyForDeploymentPostprocessing = 0;
		};
/* End PBXResourcesBuildPhase section */

/* Begin PBXShellScriptBuildPhase section */
		2D776C66C37565E3D3495BC2 /* [CP] Check Pods Manifest.lock */ = {
			isa = PBXShellScriptBuildPhase;
			buildActionMask = 2147483647;
			files = (
			);
			inputFileListPaths = (
			);
			inputPaths = (
				"${PODS_PODFILE_DIR_PATH}/Podfile.lock",
				"${PODS_ROOT}/Manifest.lock",
			);
			name = "[CP] Check Pods Manifest.lock";
			outputFileListPaths = (
			);
			outputPaths = (
				"$(DERIVED_FILE_DIR)/Pods-IG DirectTests-checkManifestLockResult.txt",
			);
			runOnlyForDeploymentPostprocessing = 0;
			shellPath = /bin/sh;
			shellScript = "diff \"${PODS_PODFILE_DIR_PATH}/Podfile.lock\" \"${PODS_ROOT}/Manifest.lock\" > /dev/null\nif [ $? != 0 ] ; then\n    # print error to STDERR\n    echo \"error: The sandbox is not in sync with the Podfile.lock. Run 'pod install' or update your CocoaPods installation.\" >&2\n    exit 1\nfi\n# This output is used by Xcode 'outputs' to avoid re-running this script phase.\necho \"SUCCESS\" > \"${SCRIPT_OUTPUT_FILE_0}\"\n";
			showEnvVarsInLog = 0;
		};
		C9230AB795EC07BBCF842DB9 /* [CP] Check Pods Manifest.lock */ = {
			isa = PBXShellScriptBuildPhase;
			buildActionMask = 2147483647;
			files = (
			);
			inputFileListPaths = (
			);
			inputPaths = (
				"${PODS_PODFILE_DIR_PATH}/Podfile.lock",
				"${PODS_ROOT}/Manifest.lock",
			);
			name = "[CP] Check Pods Manifest.lock";
			outputFileListPaths = (
			);
			outputPaths = (
				"$(DERIVED_FILE_DIR)/Pods-IG Direct-checkManifestLockResult.txt",
			);
			runOnlyForDeploymentPostprocessing = 0;
			shellPath = /bin/sh;
			shellScript = "diff \"${PODS_PODFILE_DIR_PATH}/Podfile.lock\" \"${PODS_ROOT}/Manifest.lock\" > /dev/null\nif [ $? != 0 ] ; then\n    # print error to STDERR\n    echo \"error: The sandbox is not in sync with the Podfile.lock. Run 'pod install' or update your CocoaPods installation.\" >&2\n    exit 1\nfi\n# This output is used by Xcode 'outputs' to avoid re-running this script phase.\necho \"SUCCESS\" > \"${SCRIPT_OUTPUT_FILE_0}\"\n";
			showEnvVarsInLog = 0;
		};
		CA4A65AE793BAD88FCDD2729 /* [CP] Embed Pods Frameworks */ = {
			isa = PBXShellScriptBuildPhase;
			buildActionMask = 2147483647;
			files = (
			);
			inputFileListPaths = (
				"${PODS_ROOT}/Target Support Files/Pods-IG Direct/Pods-IG Direct-frameworks-${CONFIGURATION}-input-files.xcfilelist",
			);
			name = "[CP] Embed Pods Frameworks";
			outputFileListPaths = (
				"${PODS_ROOT}/Target Support Files/Pods-IG Direct/Pods-IG Direct-frameworks-${CONFIGURATION}-output-files.xcfilelist",
			);
			runOnlyForDeploymentPostprocessing = 0;
			shellPath = /bin/sh;
			shellScript = "\"${PODS_ROOT}/Target Support Files/Pods-IG Direct/Pods-IG Direct-frameworks.sh\"\n";
			showEnvVarsInLog = 0;
		};
/* End PBXShellScriptBuildPhase section */

/* Begin PBXSourcesBuildPhase section */
		7E874ED32258E24700B0A234 /* Sources */ = {
			isa = PBXSourcesBuildPhase;
			buildActionMask = 2147483647;
			files = (
				7E093A8A2258F15500ED2830 /* User.swift in Sources */,
				7ED03CA82258E6F800C05565 /* LoginViewController.swift in Sources */,
				7E093A932258F65300ED2830 /* Credentials.swift in Sources */,
				7E19DD81226A063C0016E452 /* ChatListViewModel.swift in Sources */,
				7E19DD89226A10DC0016E452 /* ChatItemViewModel.swift in Sources */,
				7E093A8C2258F17E00ED2830 /* UserRepository.swift in Sources */,
				7E19DD7F226A06080016E452 /* ChatListviewController.swift in Sources */,
				7E874EDB2258E24700B0A234 /* AppDelegate.swift in Sources */,
				7E5CBA28226AD152004DB229 /* Result+Extension.swift in Sources */,
				7E3913A92262E90A003B68A0 /* ThreadScheduler.swift in Sources */,
				7E19DD8B226A18490016E452 /* ChatItemCellView.swift in Sources */,
				7EC922F8226627D1007E5008 /* LoginResponse.swift in Sources */,
				7E23BDC4225A397700A3DE07 /* IGApiClient.swift in Sources */,
				7E823E492269625800843A26 /* NSViewController+Rx.swift in Sources */,
				7E19DD85226A06F20016E452 /* Chat.swift in Sources */,
				7EBBF4C422617557003EB627 /* NodeAppLogic.swift in Sources */,
				7EC922F4226622F9007E5008 /* UserSecretManager.swift in Sources */,
				7E093A8F2258F4CC00ED2830 /* BaseViewModel.swift in Sources */,
				7EBBF4C22261750A003EB627 /* AppLogic.swift in Sources */,
				7E3913A62262CAF1003B68A0 /* NodeError.swift in Sources */,
				7E19DD83226A06650016E452 /* ChatRepository.swift in Sources */,
				7E093A912258F58400ED2830 /* LoginViewModel.swift in Sources */,
				7E19DD8D226A1D9E0016E452 /* ChatListAdapter.swift in Sources */,
				7EBBF4C022617317003EB627 /* NodeCore.swift in Sources */,
				7E823E4B226962EA00843A26 /* ChatViewController.swift in Sources */,
				7EE9833B2260DC6300063B59 /* NodeTask.swift in Sources */,
			);
			runOnlyForDeploymentPostprocessing = 0;
		};
		7E874EE52258E24800B0A234 /* Sources */ = {
			isa = PBXSourcesBuildPhase;
			buildActionMask = 2147483647;
			files = (
				7E874EEE2258E24800B0A234 /* IG_DirectTests.swift in Sources */,
			);
			runOnlyForDeploymentPostprocessing = 0;
		};
/* End PBXSourcesBuildPhase section */

/* Begin PBXTargetDependency section */
		7E874EEB2258E24800B0A234 /* PBXTargetDependency */ = {
			isa = PBXTargetDependency;
			target = 7E874ED62258E24700B0A234 /* IG Direct */;
			targetProxy = 7E874EEA2258E24800B0A234 /* PBXContainerItemProxy */;
		};
/* End PBXTargetDependency section */

/* Begin PBXVariantGroup section */
		7E874EE02258E24800B0A234 /* Main.storyboard */ = {
			isa = PBXVariantGroup;
			children = (
				7E874EE12258E24800B0A234 /* Base */,
			);
			name = Main.storyboard;
			sourceTree = "<group>";
		};
/* End PBXVariantGroup section */

/* Begin XCBuildConfiguration section */
		7E874EF02258E24800B0A234 /* Debug */ = {
			isa = XCBuildConfiguration;
			buildSettings = {
				ALWAYS_SEARCH_USER_PATHS = NO;
				CLANG_ANALYZER_NONNULL = YES;
				CLANG_ANALYZER_NUMBER_OBJECT_CONVERSION = YES_AGGRESSIVE;
				CLANG_CXX_LANGUAGE_STANDARD = "gnu++14";
				CLANG_CXX_LIBRARY = "libc++";
				CLANG_ENABLE_MODULES = YES;
				CLANG_ENABLE_OBJC_ARC = YES;
				CLANG_ENABLE_OBJC_WEAK = YES;
				CLANG_WARN_BLOCK_CAPTURE_AUTORELEASING = YES;
				CLANG_WARN_BOOL_CONVERSION = YES;
				CLANG_WARN_COMMA = YES;
				CLANG_WARN_CONSTANT_CONVERSION = YES;
				CLANG_WARN_DEPRECATED_OBJC_IMPLEMENTATIONS = YES;
				CLANG_WARN_DIRECT_OBJC_ISA_USAGE = YES_ERROR;
				CLANG_WARN_DOCUMENTATION_COMMENTS = YES;
				CLANG_WARN_EMPTY_BODY = YES;
				CLANG_WARN_ENUM_CONVERSION = YES;
				CLANG_WARN_INFINITE_RECURSION = YES;
				CLANG_WARN_INT_CONVERSION = YES;
				CLANG_WARN_NON_LITERAL_NULL_CONVERSION = YES;
				CLANG_WARN_OBJC_IMPLICIT_RETAIN_SELF = YES;
				CLANG_WARN_OBJC_LITERAL_CONVERSION = YES;
				CLANG_WARN_OBJC_ROOT_CLASS = YES_ERROR;
				CLANG_WARN_RANGE_LOOP_ANALYSIS = YES;
				CLANG_WARN_STRICT_PROTOTYPES = YES;
				CLANG_WARN_SUSPICIOUS_MOVE = YES;
				CLANG_WARN_UNGUARDED_AVAILABILITY = YES_AGGRESSIVE;
				CLANG_WARN_UNREACHABLE_CODE = YES;
				CLANG_WARN__DUPLICATE_METHOD_MATCH = YES;
				CODE_SIGN_IDENTITY = "-";
				COPY_PHASE_STRIP = NO;
				DEBUG_INFORMATION_FORMAT = dwarf;
				ENABLE_STRICT_OBJC_MSGSEND = YES;
				ENABLE_TESTABILITY = YES;
				GCC_C_LANGUAGE_STANDARD = gnu11;
				GCC_DYNAMIC_NO_PIC = NO;
				GCC_NO_COMMON_BLOCKS = YES;
				GCC_OPTIMIZATION_LEVEL = 0;
				GCC_PREPROCESSOR_DEFINITIONS = (
					"DEBUG=1",
					"$(inherited)",
				);
				GCC_WARN_64_TO_32_BIT_CONVERSION = YES;
				GCC_WARN_ABOUT_RETURN_TYPE = YES_ERROR;
				GCC_WARN_UNDECLARED_SELECTOR = YES;
				GCC_WARN_UNINITIALIZED_AUTOS = YES_AGGRESSIVE;
				GCC_WARN_UNUSED_FUNCTION = YES;
				GCC_WARN_UNUSED_VARIABLE = YES;
				MACOSX_DEPLOYMENT_TARGET = 10.14;
				MTL_ENABLE_DEBUG_INFO = INCLUDE_SOURCE;
				MTL_FAST_MATH = YES;
				ONLY_ACTIVE_ARCH = YES;
				SDKROOT = macosx;
				SWIFT_ACTIVE_COMPILATION_CONDITIONS = DEBUG;
				SWIFT_OPTIMIZATION_LEVEL = "-Onone";
			};
			name = Debug;
		};
		7E874EF12258E24800B0A234 /* Release */ = {
			isa = XCBuildConfiguration;
			buildSettings = {
				ALWAYS_SEARCH_USER_PATHS = NO;
				CLANG_ANALYZER_NONNULL = YES;
				CLANG_ANALYZER_NUMBER_OBJECT_CONVERSION = YES_AGGRESSIVE;
				CLANG_CXX_LANGUAGE_STANDARD = "gnu++14";
				CLANG_CXX_LIBRARY = "libc++";
				CLANG_ENABLE_MODULES = YES;
				CLANG_ENABLE_OBJC_ARC = YES;
				CLANG_ENABLE_OBJC_WEAK = YES;
				CLANG_WARN_BLOCK_CAPTURE_AUTORELEASING = YES;
				CLANG_WARN_BOOL_CONVERSION = YES;
				CLANG_WARN_COMMA = YES;
				CLANG_WARN_CONSTANT_CONVERSION = YES;
				CLANG_WARN_DEPRECATED_OBJC_IMPLEMENTATIONS = YES;
				CLANG_WARN_DIRECT_OBJC_ISA_USAGE = YES_ERROR;
				CLANG_WARN_DOCUMENTATION_COMMENTS = YES;
				CLANG_WARN_EMPTY_BODY = YES;
				CLANG_WARN_ENUM_CONVERSION = YES;
				CLANG_WARN_INFINITE_RECURSION = YES;
				CLANG_WARN_INT_CONVERSION = YES;
				CLANG_WARN_NON_LITERAL_NULL_CONVERSION = YES;
				CLANG_WARN_OBJC_IMPLICIT_RETAIN_SELF = YES;
				CLANG_WARN_OBJC_LITERAL_CONVERSION = YES;
				CLANG_WARN_OBJC_ROOT_CLASS = YES_ERROR;
				CLANG_WARN_RANGE_LOOP_ANALYSIS = YES;
				CLANG_WARN_STRICT_PROTOTYPES = YES;
				CLANG_WARN_SUSPICIOUS_MOVE = YES;
				CLANG_WARN_UNGUARDED_AVAILABILITY = YES_AGGRESSIVE;
				CLANG_WARN_UNREACHABLE_CODE = YES;
				CLANG_WARN__DUPLICATE_METHOD_MATCH = YES;
				CODE_SIGN_IDENTITY = "-";
				COPY_PHASE_STRIP = NO;
				DEBUG_INFORMATION_FORMAT = "dwarf-with-dsym";
				ENABLE_NS_ASSERTIONS = NO;
				ENABLE_STRICT_OBJC_MSGSEND = YES;
				GCC_C_LANGUAGE_STANDARD = gnu11;
				GCC_NO_COMMON_BLOCKS = YES;
				GCC_WARN_64_TO_32_BIT_CONVERSION = YES;
				GCC_WARN_ABOUT_RETURN_TYPE = YES_ERROR;
				GCC_WARN_UNDECLARED_SELECTOR = YES;
				GCC_WARN_UNINITIALIZED_AUTOS = YES_AGGRESSIVE;
				GCC_WARN_UNUSED_FUNCTION = YES;
				GCC_WARN_UNUSED_VARIABLE = YES;
				MACOSX_DEPLOYMENT_TARGET = 10.14;
				MTL_ENABLE_DEBUG_INFO = NO;
				MTL_FAST_MATH = YES;
				SDKROOT = macosx;
				SWIFT_COMPILATION_MODE = wholemodule;
				SWIFT_OPTIMIZATION_LEVEL = "-O";
			};
			name = Release;
		};
		7E874EF32258E24800B0A234 /* Debug */ = {
			isa = XCBuildConfiguration;
			baseConfigurationReference = FE8095CDA689A9600F897348 /* Pods-IG Direct.debug.xcconfig */;
			buildSettings = {
				ASSETCATALOG_COMPILER_APPICON_NAME = AppIcon;
				CODE_SIGN_ENTITLEMENTS = "IG Direct/IG_Direct.entitlements";
				CODE_SIGN_STYLE = Automatic;
				COMBINE_HIDPI_IMAGES = YES;
				INFOPLIST_FILE = "IG Direct/Info.plist";
				LD_RUNPATH_SEARCH_PATHS = (
					"$(inherited)",
					"@executable_path/../Frameworks",
				);
				PRODUCT_BUNDLE_IDENTIFIER = "com.ctech.IG-Direct";
				PRODUCT_NAME = "$(TARGET_NAME)";
				SWIFT_VERSION = 5.0;
			};
			name = Debug;
		};
		7E874EF42258E24800B0A234 /* Release */ = {
			isa = XCBuildConfiguration;
			baseConfigurationReference = 52AD109B0106918FCC1F0096 /* Pods-IG Direct.release.xcconfig */;
			buildSettings = {
				ASSETCATALOG_COMPILER_APPICON_NAME = AppIcon;
				CODE_SIGN_ENTITLEMENTS = "IG Direct/IG_Direct.entitlements";
				CODE_SIGN_STYLE = Automatic;
				COMBINE_HIDPI_IMAGES = YES;
				INFOPLIST_FILE = "IG Direct/Info.plist";
				LD_RUNPATH_SEARCH_PATHS = (
					"$(inherited)",
					"@executable_path/../Frameworks",
				);
				PRODUCT_BUNDLE_IDENTIFIER = "com.ctech.IG-Direct";
				PRODUCT_NAME = "$(TARGET_NAME)";
				SWIFT_VERSION = 5.0;
			};
			name = Release;
		};
		7E874EF62258E24800B0A234 /* Debug */ = {
			isa = XCBuildConfiguration;
			baseConfigurationReference = E66CD8FE13DB03E464E2A59C /* Pods-IG DirectTests.debug.xcconfig */;
			buildSettings = {
				ALWAYS_EMBED_SWIFT_STANDARD_LIBRARIES = YES;
				BUNDLE_LOADER = "$(TEST_HOST)";
				CODE_SIGN_STYLE = Automatic;
				COMBINE_HIDPI_IMAGES = YES;
				INFOPLIST_FILE = "IG DirectTests/Info.plist";
				LD_RUNPATH_SEARCH_PATHS = (
					"$(inherited)",
					"@executable_path/../Frameworks",
					"@loader_path/../Frameworks",
				);
				PRODUCT_BUNDLE_IDENTIFIER = "com.ctech.IG-DirectTests";
				PRODUCT_NAME = "$(TARGET_NAME)";
				SWIFT_VERSION = 5.0;
				TEST_HOST = "$(BUILT_PRODUCTS_DIR)/IG Direct.app/Contents/MacOS/IG Direct";
			};
			name = Debug;
		};
		7E874EF72258E24800B0A234 /* Release */ = {
			isa = XCBuildConfiguration;
			baseConfigurationReference = 8A42A238852A6DECE4927E72 /* Pods-IG DirectTests.release.xcconfig */;
			buildSettings = {
				ALWAYS_EMBED_SWIFT_STANDARD_LIBRARIES = YES;
				BUNDLE_LOADER = "$(TEST_HOST)";
				CODE_SIGN_STYLE = Automatic;
				COMBINE_HIDPI_IMAGES = YES;
				INFOPLIST_FILE = "IG DirectTests/Info.plist";
				LD_RUNPATH_SEARCH_PATHS = (
					"$(inherited)",
					"@executable_path/../Frameworks",
					"@loader_path/../Frameworks",
				);
				PRODUCT_BUNDLE_IDENTIFIER = "com.ctech.IG-DirectTests";
				PRODUCT_NAME = "$(TARGET_NAME)";
				SWIFT_VERSION = 5.0;
				TEST_HOST = "$(BUILT_PRODUCTS_DIR)/IG Direct.app/Contents/MacOS/IG Direct";
			};
			name = Release;
		};
/* End XCBuildConfiguration section */

/* Begin XCConfigurationList section */
		7E874ED22258E24700B0A234 /* Build configuration list for PBXProject "IG Direct" */ = {
			isa = XCConfigurationList;
			buildConfigurations = (
				7E874EF02258E24800B0A234 /* Debug */,
				7E874EF12258E24800B0A234 /* Release */,
			);
			defaultConfigurationIsVisible = 0;
			defaultConfigurationName = Release;
		};
		7E874EF22258E24800B0A234 /* Build configuration list for PBXNativeTarget "IG Direct" */ = {
			isa = XCConfigurationList;
			buildConfigurations = (
				7E874EF32258E24800B0A234 /* Debug */,
				7E874EF42258E24800B0A234 /* Release */,
			);
			defaultConfigurationIsVisible = 0;
			defaultConfigurationName = Release;
		};
		7E874EF52258E24800B0A234 /* Build configuration list for PBXNativeTarget "IG DirectTests" */ = {
			isa = XCConfigurationList;
			buildConfigurations = (
				7E874EF62258E24800B0A234 /* Debug */,
				7E874EF72258E24800B0A234 /* Release */,
			);
			defaultConfigurationIsVisible = 0;
			defaultConfigurationName = Release;
		};
/* End XCConfigurationList section */
	};
	rootObject = 7E874ECF2258E24700B0A234 /* Project object */;
}
